
Microsoft Visual Studio Solution File, Format Version 12.00
# Visual Studio Version 17
VisualStudioVersion = 17.5.002.0
MinimumVisualStudioVersion = 10.0.40219.1
Project("{9A19103F-16F7-4668-BE54-9A1E7A4F7556}") = "Task1", "Task1\Task1.csproj", "{01A26096-5083-456B-AEE6-4D6C9D2E72B1}"
EndProject
Global
	GlobalSection(SolutionConfigurationPlatforms) = preSolution
		Debug|Any CPU = Debug|Any CPU
		Release|Any CPU = Release|Any CPU
	EndGlobalSection
	GlobalSection(ProjectConfigurationPlatforms) = postSolution
		{01A26096-5083-456B-AEE6-4D6C9D2E72B1}.Debug|Any CPU.ActiveCfg = Debug|Any CPU
		{01A26096-5083-456B-AEE6-4D6C9D2E72B1}.Debug|Any CPU.Build.0 = Debug|Any CPU
		{01A26096-5083-456B-AEE6-4D6C9D2E72B1}.Release|Any CPU.ActiveCfg = Release|Any CPU
		{01A26096-5083-456B-AEE6-4D6C9D2E72B1}.Release|Any CPU.Build.0 = Release|Any CPU
	EndGlobalSection
	GlobalSection(SolutionProperties) = preSolution
		HideSolutionNode = FALSE
	EndGlobalSection
	GlobalSection(ExtensibilityGlobals) = postSolution
		SolutionGuid = {47BAC3E9-9ACA-467C-AABE-B7DE8E1DE83C}
	EndGlobalSection
EndGlobal
